
Microsoft Visual Studio Solution File, Format Version 12.00
# Visual Studio Version 16
VisualStudioVersion = 16.0.32106.194
MinimumVisualStudioVersion = 10.0.40219.1
Project("{FAE04EC0-301F-11D3-BF4B-00C04F79EFBC}") = "pblm6(regex)", "pblm6(regex).csproj", "{98292ECC-9A03-44F7-A80F-BF29E9D187FE}"
EndProject
Global
	GlobalSection(SolutionConfigurationPlatforms) = preSolution
		Debug|Any CPU = Debug|Any CPU
		Release|Any CPU = Release|Any CPU
	EndGlobalSection
	GlobalSection(ProjectConfigurationPlatforms) = postSolution
		{98292ECC-9A03-44F7-A80F-BF29E9D187FE}.Debug|Any CPU.ActiveCfg = Debug|Any CPU
		{98292ECC-9A03-44F7-A80F-BF29E9D187FE}.Debug|Any CPU.Build.0 = Debug|Any CPU
		{98292ECC-9A03-44F7-A80F-BF29E9D187FE}.Release|Any CPU.ActiveCfg = Release|Any CPU
		{98292ECC-9A03-44F7-A80F-BF29E9D187FE}.Release|Any CPU.Build.0 = Release|Any CPU
	EndGlobalSection
	GlobalSection(SolutionProperties) = preSolution
		HideSolutionNode = FALSE
	EndGlobalSection
	GlobalSection(ExtensibilityGlobals) = postSolution
		SolutionGuid = {99575E4D-4B0B-427D-A073-21D72AAE58B2}
	EndGlobalSection
EndGlobal
