
Microsoft Visual Studio Solution File, Format Version 12.00
# Visual Studio Version 16
VisualStudioVersion = 16.0.32106.194
MinimumVisualStudioVersion = 10.0.40219.1
Project("{FAE04EC0-301F-11D3-BF4B-00C04F79EFBC}") = "pblm10", "pblm10.csproj", "{08C408C5-03D0-4BAB-88FA-C22C4F5FBA74}"
EndProject
Global
	GlobalSection(SolutionConfigurationPlatforms) = preSolution
		Debug|Any CPU = Debug|Any CPU
		Release|Any CPU = Release|Any CPU
	EndGlobalSection
	GlobalSection(ProjectConfigurationPlatforms) = postSolution
		{08C408C5-03D0-4BAB-88FA-C22C4F5FBA74}.Debug|Any CPU.ActiveCfg = Debug|Any CPU
		{08C408C5-03D0-4BAB-88FA-C22C4F5FBA74}.Debug|Any CPU.Build.0 = Debug|Any CPU
		{08C408C5-03D0-4BAB-88FA-C22C4F5FBA74}.Release|Any CPU.ActiveCfg = Release|Any CPU
		{08C408C5-03D0-4BAB-88FA-C22C4F5FBA74}.Release|Any CPU.Build.0 = Release|Any CPU
	EndGlobalSection
	GlobalSection(SolutionProperties) = preSolution
		HideSolutionNode = FALSE
	EndGlobalSection
	GlobalSection(ExtensibilityGlobals) = postSolution
		SolutionGuid = {6B382558-E45D-4C49-9460-7D22629DC365}
	EndGlobalSection
EndGlobal
