
Microsoft Visual Studio Solution File, Format Version 12.00
# Visual Studio Version 16
VisualStudioVersion = 16.0.32106.194
MinimumVisualStudioVersion = 10.0.40219.1
Project("{FAE04EC0-301F-11D3-BF4B-00C04F79EFBC}") = "FirstConsoleApplication", "FirstConsoleApplication.csproj", "{CDF5662A-771E-463C-AF3C-F0119C06D0AB}"
EndProject
Global
	GlobalSection(SolutionConfigurationPlatforms) = preSolution
		Debug|Any CPU = Debug|Any CPU
		Release|Any CPU = Release|Any CPU
	EndGlobalSection
	GlobalSection(ProjectConfigurationPlatforms) = postSolution
		{CDF5662A-771E-463C-AF3C-F0119C06D0AB}.Debug|Any CPU.ActiveCfg = Debug|Any CPU
		{CDF5662A-771E-463C-AF3C-F0119C06D0AB}.Debug|Any CPU.Build.0 = Debug|Any CPU
		{CDF5662A-771E-463C-AF3C-F0119C06D0AB}.Release|Any CPU.ActiveCfg = Release|Any CPU
		{CDF5662A-771E-463C-AF3C-F0119C06D0AB}.Release|Any CPU.Build.0 = Release|Any CPU
	EndGlobalSection
	GlobalSection(SolutionProperties) = preSolution
		HideSolutionNode = FALSE
	EndGlobalSection
	GlobalSection(ExtensibilityGlobals) = postSolution
		SolutionGuid = {84D8BD4C-FF43-4F1B-9DA7-942A97183E88}
	EndGlobalSection
EndGlobal
