
Microsoft Visual Studio Solution File, Format Version 12.00
# Visual Studio Version 16
VisualStudioVersion = 16.0.32106.194
MinimumVisualStudioVersion = 10.0.40219.1
Project("{FAE04EC0-301F-11D3-BF4B-00C04F79EFBC}") = "pblm8", "pblm8.csproj", "{30D226F4-41AA-47D2-ADEB-1DE6AD8E1B6A}"
EndProject
Global
	GlobalSection(SolutionConfigurationPlatforms) = preSolution
		Debug|Any CPU = Debug|Any CPU
		Release|Any CPU = Release|Any CPU
	EndGlobalSection
	GlobalSection(ProjectConfigurationPlatforms) = postSolution
		{30D226F4-41AA-47D2-ADEB-1DE6AD8E1B6A}.Debug|Any CPU.ActiveCfg = Debug|Any CPU
		{30D226F4-41AA-47D2-ADEB-1DE6AD8E1B6A}.Debug|Any CPU.Build.0 = Debug|Any CPU
		{30D226F4-41AA-47D2-ADEB-1DE6AD8E1B6A}.Release|Any CPU.ActiveCfg = Release|Any CPU
		{30D226F4-41AA-47D2-ADEB-1DE6AD8E1B6A}.Release|Any CPU.Build.0 = Release|Any CPU
	EndGlobalSection
	GlobalSection(SolutionProperties) = preSolution
		HideSolutionNode = FALSE
	EndGlobalSection
	GlobalSection(ExtensibilityGlobals) = postSolution
		SolutionGuid = {7082A9CD-5EB1-4F93-81F6-A768A350CD8C}
	EndGlobalSection
EndGlobal
