
Microsoft Visual Studio Solution File, Format Version 12.00
# Visual Studio Version 16
VisualStudioVersion = 16.0.32106.194
MinimumVisualStudioVersion = 10.0.40219.1
Project("{FAE04EC0-301F-11D3-BF4B-00C04F79EFBC}") = "callbyval and call by rev", "callbyval and call by rev.csproj", "{408AAB47-1E5F-49A3-9EA3-C7DA89CEE34D}"
EndProject
Global
	GlobalSection(SolutionConfigurationPlatforms) = preSolution
		Debug|Any CPU = Debug|Any CPU
		Release|Any CPU = Release|Any CPU
	EndGlobalSection
	GlobalSection(ProjectConfigurationPlatforms) = postSolution
		{408AAB47-1E5F-49A3-9EA3-C7DA89CEE34D}.Debug|Any CPU.ActiveCfg = Debug|Any CPU
		{408AAB47-1E5F-49A3-9EA3-C7DA89CEE34D}.Debug|Any CPU.Build.0 = Debug|Any CPU
		{408AAB47-1E5F-49A3-9EA3-C7DA89CEE34D}.Release|Any CPU.ActiveCfg = Release|Any CPU
		{408AAB47-1E5F-49A3-9EA3-C7DA89CEE34D}.Release|Any CPU.Build.0 = Release|Any CPU
	EndGlobalSection
	GlobalSection(SolutionProperties) = preSolution
		HideSolutionNode = FALSE
	EndGlobalSection
	GlobalSection(ExtensibilityGlobals) = postSolution
		SolutionGuid = {57B95F86-36BB-4EF5-9343-63072671B89B}
	EndGlobalSection
EndGlobal
