
Microsoft Visual Studio Solution File, Format Version 12.00
# Visual Studio Version 16
VisualStudioVersion = 16.0.32106.194
MinimumVisualStudioVersion = 10.0.40219.1
Project("{FAE04EC0-301F-11D3-BF4B-00C04F79EFBC}") = "pblm1", "pblm1.csproj", "{A636FDCC-2D0D-4300-B67C-5113BC3000D7}"
EndProject
Global
	GlobalSection(SolutionConfigurationPlatforms) = preSolution
		Debug|Any CPU = Debug|Any CPU
		Release|Any CPU = Release|Any CPU
	EndGlobalSection
	GlobalSection(ProjectConfigurationPlatforms) = postSolution
		{A636FDCC-2D0D-4300-B67C-5113BC3000D7}.Debug|Any CPU.ActiveCfg = Debug|Any CPU
		{A636FDCC-2D0D-4300-B67C-5113BC3000D7}.Debug|Any CPU.Build.0 = Debug|Any CPU
		{A636FDCC-2D0D-4300-B67C-5113BC3000D7}.Release|Any CPU.ActiveCfg = Release|Any CPU
		{A636FDCC-2D0D-4300-B67C-5113BC3000D7}.Release|Any CPU.Build.0 = Release|Any CPU
	EndGlobalSection
	GlobalSection(SolutionProperties) = preSolution
		HideSolutionNode = FALSE
	EndGlobalSection
	GlobalSection(ExtensibilityGlobals) = postSolution
		SolutionGuid = {3E7959CF-CEF6-4E51-A084-1B6D82E9336A}
	EndGlobalSection
EndGlobal
