
Microsoft Visual Studio Solution File, Format Version 12.00
# Visual Studio Version 16
VisualStudioVersion = 16.0.32106.194
MinimumVisualStudioVersion = 10.0.40219.1
Project("{FAE04EC0-301F-11D3-BF4B-00C04F79EFBC}") = "pblm6", "pblm6.csproj", "{397C9201-AB22-4C83-B6D2-81DDB59410D9}"
EndProject
Global
	GlobalSection(SolutionConfigurationPlatforms) = preSolution
		Debug|Any CPU = Debug|Any CPU
		Release|Any CPU = Release|Any CPU
	EndGlobalSection
	GlobalSection(ProjectConfigurationPlatforms) = postSolution
		{397C9201-AB22-4C83-B6D2-81DDB59410D9}.Debug|Any CPU.ActiveCfg = Debug|Any CPU
		{397C9201-AB22-4C83-B6D2-81DDB59410D9}.Debug|Any CPU.Build.0 = Debug|Any CPU
		{397C9201-AB22-4C83-B6D2-81DDB59410D9}.Release|Any CPU.ActiveCfg = Release|Any CPU
		{397C9201-AB22-4C83-B6D2-81DDB59410D9}.Release|Any CPU.Build.0 = Release|Any CPU
	EndGlobalSection
	GlobalSection(SolutionProperties) = preSolution
		HideSolutionNode = FALSE
	EndGlobalSection
	GlobalSection(ExtensibilityGlobals) = postSolution
		SolutionGuid = {DB0E6C37-F1B9-4A5D-ACE0-90BD73B680C6}
	EndGlobalSection
EndGlobal
