
Microsoft Visual Studio Solution File, Format Version 12.00
# Visual Studio Version 16
VisualStudioVersion = 16.0.32106.194
MinimumVisualStudioVersion = 10.0.40219.1
Project("{FAE04EC0-301F-11D3-BF4B-00C04F79EFBC}") = "Pblm1", "Pblm1.csproj", "{05D92CC8-150D-4059-BDCD-B259CA2A53FB}"
EndProject
Global
	GlobalSection(SolutionConfigurationPlatforms) = preSolution
		Debug|Any CPU = Debug|Any CPU
		Release|Any CPU = Release|Any CPU
	EndGlobalSection
	GlobalSection(ProjectConfigurationPlatforms) = postSolution
		{05D92CC8-150D-4059-BDCD-B259CA2A53FB}.Debug|Any CPU.ActiveCfg = Debug|Any CPU
		{05D92CC8-150D-4059-BDCD-B259CA2A53FB}.Debug|Any CPU.Build.0 = Debug|Any CPU
		{05D92CC8-150D-4059-BDCD-B259CA2A53FB}.Release|Any CPU.ActiveCfg = Release|Any CPU
		{05D92CC8-150D-4059-BDCD-B259CA2A53FB}.Release|Any CPU.Build.0 = Release|Any CPU
	EndGlobalSection
	GlobalSection(SolutionProperties) = preSolution
		HideSolutionNode = FALSE
	EndGlobalSection
	GlobalSection(ExtensibilityGlobals) = postSolution
		SolutionGuid = {CB843572-884E-4FE9-8FF2-E60159904FBC}
	EndGlobalSection
EndGlobal
