
Microsoft Visual Studio Solution File, Format Version 12.00
# Visual Studio Version 16
VisualStudioVersion = 16.0.32106.194
MinimumVisualStudioVersion = 10.0.40219.1
Project("{FAE04EC0-301F-11D3-BF4B-00C04F79EFBC}") = "pblm 1", "pblm 1.csproj", "{ED45C3CB-8561-4893-B7B6-800812C8EB4E}"
EndProject
Global
	GlobalSection(SolutionConfigurationPlatforms) = preSolution
		Debug|Any CPU = Debug|Any CPU
		Release|Any CPU = Release|Any CPU
	EndGlobalSection
	GlobalSection(ProjectConfigurationPlatforms) = postSolution
		{ED45C3CB-8561-4893-B7B6-800812C8EB4E}.Debug|Any CPU.ActiveCfg = Debug|Any CPU
		{ED45C3CB-8561-4893-B7B6-800812C8EB4E}.Debug|Any CPU.Build.0 = Debug|Any CPU
		{ED45C3CB-8561-4893-B7B6-800812C8EB4E}.Release|Any CPU.ActiveCfg = Release|Any CPU
		{ED45C3CB-8561-4893-B7B6-800812C8EB4E}.Release|Any CPU.Build.0 = Release|Any CPU
	EndGlobalSection
	GlobalSection(SolutionProperties) = preSolution
		HideSolutionNode = FALSE
	EndGlobalSection
	GlobalSection(ExtensibilityGlobals) = postSolution
		SolutionGuid = {32ECE83A-B637-465B-B01D-D8291129683C}
	EndGlobalSection
EndGlobal
