
Microsoft Visual Studio Solution File, Format Version 12.00
# Visual Studio Version 16
VisualStudioVersion = 16.0.32106.194
MinimumVisualStudioVersion = 10.0.40219.1
Project("{FAE04EC0-301F-11D3-BF4B-00C04F79EFBC}") = "addinf2matrix", "addinf2matrix.csproj", "{F6E6FA4D-D177-4B9B-B1C0-ADCA71D4FF52}"
EndProject
Global
	GlobalSection(SolutionConfigurationPlatforms) = preSolution
		Debug|Any CPU = Debug|Any CPU
		Release|Any CPU = Release|Any CPU
	EndGlobalSection
	GlobalSection(ProjectConfigurationPlatforms) = postSolution
		{F6E6FA4D-D177-4B9B-B1C0-ADCA71D4FF52}.Debug|Any CPU.ActiveCfg = Debug|Any CPU
		{F6E6FA4D-D177-4B9B-B1C0-ADCA71D4FF52}.Debug|Any CPU.Build.0 = Debug|Any CPU
		{F6E6FA4D-D177-4B9B-B1C0-ADCA71D4FF52}.Release|Any CPU.ActiveCfg = Release|Any CPU
		{F6E6FA4D-D177-4B9B-B1C0-ADCA71D4FF52}.Release|Any CPU.Build.0 = Release|Any CPU
	EndGlobalSection
	GlobalSection(SolutionProperties) = preSolution
		HideSolutionNode = FALSE
	EndGlobalSection
	GlobalSection(ExtensibilityGlobals) = postSolution
		SolutionGuid = {4B938C45-F20A-4A93-9598-E188991227FF}
	EndGlobalSection
EndGlobal
