
Microsoft Visual Studio Solution File, Format Version 12.00
# Visual Studio Version 16
VisualStudioVersion = 16.0.32106.194
MinimumVisualStudioVersion = 10.0.40219.1
Project("{FAE04EC0-301F-11D3-BF4B-00C04F79EFBC}") = "age", "age.csproj", "{AF4170C5-0C5E-4C60-AF58-B76675B88F96}"
EndProject
Global
	GlobalSection(SolutionConfigurationPlatforms) = preSolution
		Debug|Any CPU = Debug|Any CPU
		Release|Any CPU = Release|Any CPU
	EndGlobalSection
	GlobalSection(ProjectConfigurationPlatforms) = postSolution
		{AF4170C5-0C5E-4C60-AF58-B76675B88F96}.Debug|Any CPU.ActiveCfg = Debug|Any CPU
		{AF4170C5-0C5E-4C60-AF58-B76675B88F96}.Debug|Any CPU.Build.0 = Debug|Any CPU
		{AF4170C5-0C5E-4C60-AF58-B76675B88F96}.Release|Any CPU.ActiveCfg = Release|Any CPU
		{AF4170C5-0C5E-4C60-AF58-B76675B88F96}.Release|Any CPU.Build.0 = Release|Any CPU
	EndGlobalSection
	GlobalSection(SolutionProperties) = preSolution
		HideSolutionNode = FALSE
	EndGlobalSection
	GlobalSection(ExtensibilityGlobals) = postSolution
		SolutionGuid = {2411CCC0-953E-4DD6-B721-B5726DE987EA}
	EndGlobalSection
EndGlobal
