
Microsoft Visual Studio Solution File, Format Version 12.00
# Visual Studio Version 16
VisualStudioVersion = 16.0.32106.194
MinimumVisualStudioVersion = 10.0.40219.1
Project("{FAE04EC0-301F-11D3-BF4B-00C04F79EFBC}") = "palindrome", "palindrome.csproj", "{6609E98E-2947-4809-A0C2-D6F68F963294}"
EndProject
Global
	GlobalSection(SolutionConfigurationPlatforms) = preSolution
		Debug|Any CPU = Debug|Any CPU
		Release|Any CPU = Release|Any CPU
	EndGlobalSection
	GlobalSection(ProjectConfigurationPlatforms) = postSolution
		{6609E98E-2947-4809-A0C2-D6F68F963294}.Debug|Any CPU.ActiveCfg = Debug|Any CPU
		{6609E98E-2947-4809-A0C2-D6F68F963294}.Debug|Any CPU.Build.0 = Debug|Any CPU
		{6609E98E-2947-4809-A0C2-D6F68F963294}.Release|Any CPU.ActiveCfg = Release|Any CPU
		{6609E98E-2947-4809-A0C2-D6F68F963294}.Release|Any CPU.Build.0 = Release|Any CPU
	EndGlobalSection
	GlobalSection(SolutionProperties) = preSolution
		HideSolutionNode = FALSE
	EndGlobalSection
	GlobalSection(ExtensibilityGlobals) = postSolution
		SolutionGuid = {216F0026-37C4-474E-8436-BDB10C23AB3C}
	EndGlobalSection
EndGlobal
