
Microsoft Visual Studio Solution File, Format Version 12.00
# Visual Studio Version 16
VisualStudioVersion = 16.0.32106.194
MinimumVisualStudioVersion = 10.0.40219.1
Project("{FAE04EC0-301F-11D3-BF4B-00C04F79EFBC}") = "pblm2", "pblm2.csproj", "{65B05D68-9254-45AA-9485-6997896D797C}"
EndProject
Global
	GlobalSection(SolutionConfigurationPlatforms) = preSolution
		Debug|Any CPU = Debug|Any CPU
		Release|Any CPU = Release|Any CPU
	EndGlobalSection
	GlobalSection(ProjectConfigurationPlatforms) = postSolution
		{65B05D68-9254-45AA-9485-6997896D797C}.Debug|Any CPU.ActiveCfg = Debug|Any CPU
		{65B05D68-9254-45AA-9485-6997896D797C}.Debug|Any CPU.Build.0 = Debug|Any CPU
		{65B05D68-9254-45AA-9485-6997896D797C}.Release|Any CPU.ActiveCfg = Release|Any CPU
		{65B05D68-9254-45AA-9485-6997896D797C}.Release|Any CPU.Build.0 = Release|Any CPU
	EndGlobalSection
	GlobalSection(SolutionProperties) = preSolution
		HideSolutionNode = FALSE
	EndGlobalSection
	GlobalSection(ExtensibilityGlobals) = postSolution
		SolutionGuid = {F563313C-9BDD-461F-827F-7D67AA985886}
	EndGlobalSection
EndGlobal
