
Microsoft Visual Studio Solution File, Format Version 12.00
# Visual Studio Version 16
VisualStudioVersion = 16.0.32106.194
MinimumVisualStudioVersion = 10.0.40219.1
Project("{FAE04EC0-301F-11D3-BF4B-00C04F79EFBC}") = "pblm 2", "pblm 2.csproj", "{991CD481-59CE-4063-B564-DD497C4DE3CF}"
EndProject
Global
	GlobalSection(SolutionConfigurationPlatforms) = preSolution
		Debug|Any CPU = Debug|Any CPU
		Release|Any CPU = Release|Any CPU
	EndGlobalSection
	GlobalSection(ProjectConfigurationPlatforms) = postSolution
		{991CD481-59CE-4063-B564-DD497C4DE3CF}.Debug|Any CPU.ActiveCfg = Debug|Any CPU
		{991CD481-59CE-4063-B564-DD497C4DE3CF}.Debug|Any CPU.Build.0 = Debug|Any CPU
		{991CD481-59CE-4063-B564-DD497C4DE3CF}.Release|Any CPU.ActiveCfg = Release|Any CPU
		{991CD481-59CE-4063-B564-DD497C4DE3CF}.Release|Any CPU.Build.0 = Release|Any CPU
	EndGlobalSection
	GlobalSection(SolutionProperties) = preSolution
		HideSolutionNode = FALSE
	EndGlobalSection
	GlobalSection(ExtensibilityGlobals) = postSolution
		SolutionGuid = {4727FA9A-A063-43DE-ADA4-45964DEE2118}
	EndGlobalSection
EndGlobal
