
Microsoft Visual Studio Solution File, Format Version 12.00
# Visual Studio Version 16
VisualStudioVersion = 16.0.32106.194
MinimumVisualStudioVersion = 10.0.40219.1
Project("{FAE04EC0-301F-11D3-BF4B-00C04F79EFBC}") = "pblm6", "pblm6.csproj", "{618BB6C7-A76D-4934-AE99-489266DC62DA}"
EndProject
Global
	GlobalSection(SolutionConfigurationPlatforms) = preSolution
		Debug|Any CPU = Debug|Any CPU
		Release|Any CPU = Release|Any CPU
	EndGlobalSection
	GlobalSection(ProjectConfigurationPlatforms) = postSolution
		{618BB6C7-A76D-4934-AE99-489266DC62DA}.Debug|Any CPU.ActiveCfg = Debug|Any CPU
		{618BB6C7-A76D-4934-AE99-489266DC62DA}.Debug|Any CPU.Build.0 = Debug|Any CPU
		{618BB6C7-A76D-4934-AE99-489266DC62DA}.Release|Any CPU.ActiveCfg = Release|Any CPU
		{618BB6C7-A76D-4934-AE99-489266DC62DA}.Release|Any CPU.Build.0 = Release|Any CPU
	EndGlobalSection
	GlobalSection(SolutionProperties) = preSolution
		HideSolutionNode = FALSE
	EndGlobalSection
	GlobalSection(ExtensibilityGlobals) = postSolution
		SolutionGuid = {1C39FDB0-2E7E-4CB9-8D01-385B343A8A45}
	EndGlobalSection
EndGlobal
