
Microsoft Visual Studio Solution File, Format Version 12.00
# Visual Studio Version 16
VisualStudioVersion = 16.0.32106.194
MinimumVisualStudioVersion = 10.0.40219.1
Project("{FAE04EC0-301F-11D3-BF4B-00C04F79EFBC}") = "pblm11", "pblm11.csproj", "{19F33D32-5FE7-4146-A951-AE0F095CEE11}"
EndProject
Global
	GlobalSection(SolutionConfigurationPlatforms) = preSolution
		Debug|Any CPU = Debug|Any CPU
		Release|Any CPU = Release|Any CPU
	EndGlobalSection
	GlobalSection(ProjectConfigurationPlatforms) = postSolution
		{19F33D32-5FE7-4146-A951-AE0F095CEE11}.Debug|Any CPU.ActiveCfg = Debug|Any CPU
		{19F33D32-5FE7-4146-A951-AE0F095CEE11}.Debug|Any CPU.Build.0 = Debug|Any CPU
		{19F33D32-5FE7-4146-A951-AE0F095CEE11}.Release|Any CPU.ActiveCfg = Release|Any CPU
		{19F33D32-5FE7-4146-A951-AE0F095CEE11}.Release|Any CPU.Build.0 = Release|Any CPU
	EndGlobalSection
	GlobalSection(SolutionProperties) = preSolution
		HideSolutionNode = FALSE
	EndGlobalSection
	GlobalSection(ExtensibilityGlobals) = postSolution
		SolutionGuid = {EBA73753-8908-4309-BD6E-BD652C0FD19F}
	EndGlobalSection
EndGlobal
