
Microsoft Visual Studio Solution File, Format Version 12.00
# Visual Studio Version 16
VisualStudioVersion = 16.0.32106.194
MinimumVisualStudioVersion = 10.0.40219.1
Project("{FAE04EC0-301F-11D3-BF4B-00C04F79EFBC}") = "pblm8", "pblm8.csproj", "{1DCCDCB8-ED81-4BB7-8FE2-6CAD1D61C33D}"
EndProject
Global
	GlobalSection(SolutionConfigurationPlatforms) = preSolution
		Debug|Any CPU = Debug|Any CPU
		Release|Any CPU = Release|Any CPU
	EndGlobalSection
	GlobalSection(ProjectConfigurationPlatforms) = postSolution
		{1DCCDCB8-ED81-4BB7-8FE2-6CAD1D61C33D}.Debug|Any CPU.ActiveCfg = Debug|Any CPU
		{1DCCDCB8-ED81-4BB7-8FE2-6CAD1D61C33D}.Debug|Any CPU.Build.0 = Debug|Any CPU
		{1DCCDCB8-ED81-4BB7-8FE2-6CAD1D61C33D}.Release|Any CPU.ActiveCfg = Release|Any CPU
		{1DCCDCB8-ED81-4BB7-8FE2-6CAD1D61C33D}.Release|Any CPU.Build.0 = Release|Any CPU
	EndGlobalSection
	GlobalSection(SolutionProperties) = preSolution
		HideSolutionNode = FALSE
	EndGlobalSection
	GlobalSection(ExtensibilityGlobals) = postSolution
		SolutionGuid = {A1787246-E04A-46C6-9F59-60FB75E71BA2}
	EndGlobalSection
EndGlobal
